
Microsoft Visual Studio Solution File, Format Version 12.00
# Visual Studio 15
VisualStudioVersion = 15.0.26124.0
MinimumVisualStudioVersion = 15.0.26124.0
Project("{FAE04EC0-301F-11D3-BF4B-00C04F79EFBC}") = "Intcode", "Intcode\Intcode.csproj", "{95F09A2D-FFB6-42B8-9EF7-C0797E4FFB45}"
EndProject
Project("{FAE04EC0-301F-11D3-BF4B-00C04F79EFBC}") = "Intcode.Tests", "Intcode.Tests\Intcode.Tests.csproj", "{20185271-676F-48E6-8646-E7D331DC8988}"
EndProject
Global
	GlobalSection(SolutionConfigurationPlatforms) = preSolution
		Debug|Any CPU = Debug|Any CPU
		Debug|x64 = Debug|x64
		Debug|x86 = Debug|x86
		Release|Any CPU = Release|Any CPU
		Release|x64 = Release|x64
		Release|x86 = Release|x86
	EndGlobalSection
	GlobalSection(SolutionProperties) = preSolution
		HideSolutionNode = FALSE
	EndGlobalSection
	GlobalSection(ProjectConfigurationPlatforms) = postSolution
		{95F09A2D-FFB6-42B8-9EF7-C0797E4FFB45}.Debug|Any CPU.ActiveCfg = Debug|Any CPU
		{95F09A2D-FFB6-42B8-9EF7-C0797E4FFB45}.Debug|Any CPU.Build.0 = Debug|Any CPU
		{95F09A2D-FFB6-42B8-9EF7-C0797E4FFB45}.Debug|x64.ActiveCfg = Debug|Any CPU
		{95F09A2D-FFB6-42B8-9EF7-C0797E4FFB45}.Debug|x64.Build.0 = Debug|Any CPU
		{95F09A2D-FFB6-42B8-9EF7-C0797E4FFB45}.Debug|x86.ActiveCfg = Debug|Any CPU
		{95F09A2D-FFB6-42B8-9EF7-C0797E4FFB45}.Debug|x86.Build.0 = Debug|Any CPU
		{95F09A2D-FFB6-42B8-9EF7-C0797E4FFB45}.Release|Any CPU.ActiveCfg = Release|Any CPU
		{95F09A2D-FFB6-42B8-9EF7-C0797E4FFB45}.Release|Any CPU.Build.0 = Release|Any CPU
		{95F09A2D-FFB6-42B8-9EF7-C0797E4FFB45}.Release|x64.ActiveCfg = Release|Any CPU
		{95F09A2D-FFB6-42B8-9EF7-C0797E4FFB45}.Release|x64.Build.0 = Release|Any CPU
		{95F09A2D-FFB6-42B8-9EF7-C0797E4FFB45}.Release|x86.ActiveCfg = Release|Any CPU
		{95F09A2D-FFB6-42B8-9EF7-C0797E4FFB45}.Release|x86.Build.0 = Release|Any CPU
		{20185271-676F-48E6-8646-E7D331DC8988}.Debug|Any CPU.ActiveCfg = Debug|Any CPU
		{20185271-676F-48E6-8646-E7D331DC8988}.Debug|Any CPU.Build.0 = Debug|Any CPU
		{20185271-676F-48E6-8646-E7D331DC8988}.Debug|x64.ActiveCfg = Debug|Any CPU
		{20185271-676F-48E6-8646-E7D331DC8988}.Debug|x64.Build.0 = Debug|Any CPU
		{20185271-676F-48E6-8646-E7D331DC8988}.Debug|x86.ActiveCfg = Debug|Any CPU
		{20185271-676F-48E6-8646-E7D331DC8988}.Debug|x86.Build.0 = Debug|Any CPU
		{20185271-676F-48E6-8646-E7D331DC8988}.Release|Any CPU.ActiveCfg = Release|Any CPU
		{20185271-676F-48E6-8646-E7D331DC8988}.Release|Any CPU.Build.0 = Release|Any CPU
		{20185271-676F-48E6-8646-E7D331DC8988}.Release|x64.ActiveCfg = Release|Any CPU
		{20185271-676F-48E6-8646-E7D331DC8988}.Release|x64.Build.0 = Release|Any CPU
		{20185271-676F-48E6-8646-E7D331DC8988}.Release|x86.ActiveCfg = Release|Any CPU
		{20185271-676F-48E6-8646-E7D331DC8988}.Release|x86.Build.0 = Release|Any CPU
	EndGlobalSection
EndGlobal
